
Microsoft Visual Studio Solution File, Format Version 12.00
# Visual Studio Version 17
VisualStudioVersion = 17.11.35219.272
MinimumVisualStudioVersion = 10.0.40219.1
Project("{FAE04EC0-301F-11D3-BF4B-00C04F79EFBC}") = "Online-Shop-API", "Online-Shop-API\Online-Shop-API.csproj", "{35447012-BD8B-40F9-A736-A80F00C988B8}"
EndProject
Global
	GlobalSection(SolutionConfigurationPlatforms) = preSolution
		Debug|Any CPU = Debug|Any CPU
		Release|Any CPU = Release|Any CPU
	EndGlobalSection
	GlobalSection(ProjectConfigurationPlatforms) = postSolution
		{35447012-BD8B-40F9-A736-A80F00C988B8}.Debug|Any CPU.ActiveCfg = Debug|Any CPU
		{35447012-BD8B-40F9-A736-A80F00C988B8}.Debug|Any CPU.Build.0 = Debug|Any CPU
		{35447012-BD8B-40F9-A736-A80F00C988B8}.Release|Any CPU.ActiveCfg = Release|Any CPU
		{35447012-BD8B-40F9-A736-A80F00C988B8}.Release|Any CPU.Build.0 = Release|Any CPU
	EndGlobalSection
	GlobalSection(SolutionProperties) = preSolution
		HideSolutionNode = FALSE
	EndGlobalSection
	GlobalSection(ExtensibilityGlobals) = postSolution
		SolutionGuid = {40F5A4EF-91E9-4898-B13B-D61CB180E71E}
	EndGlobalSection
EndGlobal
